
Microsoft Visual Studio Solution File, Format Version 12.00
# Visual Studio 15
VisualStudioVersion = 15.0.27130.2010
MinimumVisualStudioVersion = 10.0.40219.1
Project("{FAE04EC0-301F-11D3-BF4B-00C04F79EFBC}") = "TalkingJournal.Android", "TalkingJournal\TalkingJournal.Android\TalkingJournal.Android.csproj", "{AC7E36AE-B964-4102-A462-F415F42D3CD9}"
EndProject
Project("{FAE04EC0-301F-11D3-BF4B-00C04F79EFBC}") = "TalkingJournal.iOS", "TalkingJournal\TalkingJournal.iOS\TalkingJournal.iOS.csproj", "{AD557D5A-1036-483B-9D74-D48976411ECC}"
EndProject
Project("{9A19103F-16F7-4668-BE54-9A1E7A4F7556}") = "TalkingJournal", "TalkingJournal\TalkingJournal\TalkingJournal.csproj", "{8669C551-4401-4AE1-863D-463E5AFB002B}"
EndProject
Project("{FAE04EC0-301F-11D3-BF4B-00C04F79EFBC}") = "TalkingJournal_Tests", "TalkingJournal_Tests\TalkingJournal_Tests.csproj", "{B1D17542-3B80-4606-B671-73F12C9A8648}"
EndProject
Global
	GlobalSection(SolutionConfigurationPlatforms) = preSolution
		Ad-Hoc|Any CPU = Ad-Hoc|Any CPU
		Ad-Hoc|ARM = Ad-Hoc|ARM
		Ad-Hoc|iPhone = Ad-Hoc|iPhone
		Ad-Hoc|iPhoneSimulator = Ad-Hoc|iPhoneSimulator
		Ad-Hoc|x64 = Ad-Hoc|x64
		Ad-Hoc|x86 = Ad-Hoc|x86
		AppStore|Any CPU = AppStore|Any CPU
		AppStore|ARM = AppStore|ARM
		AppStore|iPhone = AppStore|iPhone
		AppStore|iPhoneSimulator = AppStore|iPhoneSimulator
		AppStore|x64 = AppStore|x64
		AppStore|x86 = AppStore|x86
		Debug|Any CPU = Debug|Any CPU
		Debug|ARM = Debug|ARM
		Debug|iPhone = Debug|iPhone
		Debug|iPhoneSimulator = Debug|iPhoneSimulator
		Debug|x64 = Debug|x64
		Debug|x86 = Debug|x86
		Release|Any CPU = Release|Any CPU
		Release|ARM = Release|ARM
		Release|iPhone = Release|iPhone
		Release|iPhoneSimulator = Release|iPhoneSimulator
		Release|x64 = Release|x64
		Release|x86 = Release|x86
	EndGlobalSection
	GlobalSection(ProjectConfigurationPlatforms) = postSolution
		{AC7E36AE-B964-4102-A462-F415F42D3CD9}.Ad-Hoc|Any CPU.ActiveCfg = Release|Any CPU
		{AC7E36AE-B964-4102-A462-F415F42D3CD9}.Ad-Hoc|Any CPU.Build.0 = Release|Any CPU
		{AC7E36AE-B964-4102-A462-F415F42D3CD9}.Ad-Hoc|Any CPU.Deploy.0 = Release|Any CPU
		{AC7E36AE-B964-4102-A462-F415F42D3CD9}.Ad-Hoc|ARM.ActiveCfg = Debug|Any CPU
		{AC7E36AE-B964-4102-A462-F415F42D3CD9}.Ad-Hoc|ARM.Build.0 = Debug|Any CPU
		{AC7E36AE-B964-4102-A462-F415F42D3CD9}.Ad-Hoc|ARM.Deploy.0 = Debug|Any CPU
		{AC7E36AE-B964-4102-A462-F415F42D3CD9}.Ad-Hoc|iPhone.ActiveCfg = Release|Any CPU
		{AC7E36AE-B964-4102-A462-F415F42D3CD9}.Ad-Hoc|iPhone.Build.0 = Release|Any CPU
		{AC7E36AE-B964-4102-A462-F415F42D3CD9}.Ad-Hoc|iPhone.Deploy.0 = Release|Any CPU
		{AC7E36AE-B964-4102-A462-F415F42D3CD9}.Ad-Hoc|iPhoneSimulator.ActiveCfg = Release|Any CPU
		{AC7E36AE-B964-4102-A462-F415F42D3CD9}.Ad-Hoc|iPhoneSimulator.Build.0 = Release|Any CPU
		{AC7E36AE-B964-4102-A462-F415F42D3CD9}.Ad-Hoc|iPhoneSimulator.Deploy.0 = Release|Any CPU
		{AC7E36AE-B964-4102-A462-F415F42D3CD9}.Ad-Hoc|x64.ActiveCfg = Debug|Any CPU
		{AC7E36AE-B964-4102-A462-F415F42D3CD9}.Ad-Hoc|x64.Build.0 = Debug|Any CPU
		{AC7E36AE-B964-4102-A462-F415F42D3CD9}.Ad-Hoc|x64.Deploy.0 = Debug|Any CPU
		{AC7E36AE-B964-4102-A462-F415F42D3CD9}.Ad-Hoc|x86.ActiveCfg = Debug|Any CPU
		{AC7E36AE-B964-4102-A462-F415F42D3CD9}.Ad-Hoc|x86.Build.0 = Debug|Any CPU
		{AC7E36AE-B964-4102-A462-F415F42D3CD9}.Ad-Hoc|x86.Deploy.0 = Debug|Any CPU
		{AC7E36AE-B964-4102-A462-F415F42D3CD9}.AppStore|Any CPU.ActiveCfg = Release|Any CPU
		{AC7E36AE-B964-4102-A462-F415F42D3CD9}.AppStore|Any CPU.Build.0 = Release|Any CPU
		{AC7E36AE-B964-4102-A462-F415F42D3CD9}.AppStore|Any CPU.Deploy.0 = Release|Any CPU
		{AC7E36AE-B964-4102-A462-F415F42D3CD9}.AppStore|ARM.ActiveCfg = Debug|Any CPU
		{AC7E36AE-B964-4102-A462-F415F42D3CD9}.AppStore|ARM.Build.0 = Debug|Any CPU
		{AC7E36AE-B964-4102-A462-F415F42D3CD9}.AppStore|ARM.Deploy.0 = Debug|Any CPU
		{AC7E36AE-B964-4102-A462-F415F42D3CD9}.AppStore|iPhone.ActiveCfg = Release|Any CPU
		{AC7E36AE-B964-4102-A462-F415F42D3CD9}.AppStore|iPhone.Build.0 = Release|Any CPU
		{AC7E36AE-B964-4102-A462-F415F42D3CD9}.AppStore|iPhone.Deploy.0 = Release|Any CPU
		{AC7E36AE-B964-4102-A462-F415F42D3CD9}.AppStore|iPhoneSimulator.ActiveCfg = Release|Any CPU
		{AC7E36AE-B964-4102-A462-F415F42D3CD9}.AppStore|iPhoneSimulator.Build.0 = Release|Any CPU
		{AC7E36AE-B964-4102-A462-F415F42D3CD9}.AppStore|iPhoneSimulator.Deploy.0 = Release|Any CPU
		{AC7E36AE-B964-4102-A462-F415F42D3CD9}.AppStore|x64.ActiveCfg = Debug|Any CPU
		{AC7E36AE-B964-4102-A462-F415F42D3CD9}.AppStore|x64.Build.0 = Debug|Any CPU
		{AC7E36AE-B964-4102-A462-F415F42D3CD9}.AppStore|x64.Deploy.0 = Debug|Any CPU
		{AC7E36AE-B964-4102-A462-F415F42D3CD9}.AppStore|x86.ActiveCfg = Debug|Any CPU
		{AC7E36AE-B964-4102-A462-F415F42D3CD9}.AppStore|x86.Build.0 = Debug|Any CPU
		{AC7E36AE-B964-4102-A462-F415F42D3CD9}.AppStore|x86.Deploy.0 = Debug|Any CPU
		{AC7E36AE-B964-4102-A462-F415F42D3CD9}.Debug|Any CPU.ActiveCfg = Debug|Any CPU
		{AC7E36AE-B964-4102-A462-F415F42D3CD9}.Debug|Any CPU.Build.0 = Debug|Any CPU
		{AC7E36AE-B964-4102-A462-F415F42D3CD9}.Debug|Any CPU.Deploy.0 = Debug|Any CPU
		{AC7E36AE-B964-4102-A462-F415F42D3CD9}.Debug|ARM.ActiveCfg = Debug|Any CPU
		{AC7E36AE-B964-4102-A462-F415F42D3CD9}.Debug|ARM.Build.0 = Debug|Any CPU
		{AC7E36AE-B964-4102-A462-F415F42D3CD9}.Debug|ARM.Deploy.0 = Debug|Any CPU
		{AC7E36AE-B964-4102-A462-F415F42D3CD9}.Debug|iPhone.ActiveCfg = Debug|Any CPU
		{AC7E36AE-B964-4102-A462-F415F42D3CD9}.Debug|iPhone.Build.0 = Debug|Any CPU
		{AC7E36AE-B964-4102-A462-F415F42D3CD9}.Debug|iPhone.Deploy.0 = Debug|Any CPU
		{AC7E36AE-B964-4102-A462-F415F42D3CD9}.Debug|iPhoneSimulator.ActiveCfg = Debug|Any CPU
		{AC7E36AE-B964-4102-A462-F415F42D3CD9}.Debug|iPhoneSimulator.Build.0 = Debug|Any CPU
		{AC7E36AE-B964-4102-A462-F415F42D3CD9}.Debug|iPhoneSimulator.Deploy.0 = Debug|Any CPU
		{AC7E36AE-B964-4102-A462-F415F42D3CD9}.Debug|x64.ActiveCfg = Debug|Any CPU
		{AC7E36AE-B964-4102-A462-F415F42D3CD9}.Debug|x64.Build.0 = Debug|Any CPU
		{AC7E36AE-B964-4102-A462-F415F42D3CD9}.Debug|x64.Deploy.0 = Debug|Any CPU
		{AC7E36AE-B964-4102-A462-F415F42D3CD9}.Debug|x86.ActiveCfg = Debug|Any CPU
		{AC7E36AE-B964-4102-A462-F415F42D3CD9}.Debug|x86.Build.0 = Debug|Any CPU
		{AC7E36AE-B964-4102-A462-F415F42D3CD9}.Debug|x86.Deploy.0 = Debug|Any CPU
		{AC7E36AE-B964-4102-A462-F415F42D3CD9}.Release|Any CPU.ActiveCfg = Release|Any CPU
		{AC7E36AE-B964-4102-A462-F415F42D3CD9}.Release|Any CPU.Build.0 = Release|Any CPU
		{AC7E36AE-B964-4102-A462-F415F42D3CD9}.Release|Any CPU.Deploy.0 = Release|Any CPU
		{AC7E36AE-B964-4102-A462-F415F42D3CD9}.Release|ARM.ActiveCfg = Release|Any CPU
		{AC7E36AE-B964-4102-A462-F415F42D3CD9}.Release|ARM.Build.0 = Release|Any CPU
		{AC7E36AE-B964-4102-A462-F415F42D3CD9}.Release|ARM.Deploy.0 = Release|Any CPU
		{AC7E36AE-B964-4102-A462-F415F42D3CD9}.Release|iPhone.ActiveCfg = Release|Any CPU
		{AC7E36AE-B964-4102-A462-F415F42D3CD9}.Release|iPhone.Build.0 = Release|Any CPU
		{AC7E36AE-B964-4102-A462-F415F42D3CD9}.Release|iPhone.Deploy.0 = Release|Any CPU
		{AC7E36AE-B964-4102-A462-F415F42D3CD9}.Release|iPhoneSimulator.ActiveCfg = Release|Any CPU
		{AC7E36AE-B964-4102-A462-F415F42D3CD9}.Release|iPhoneSimulator.Build.0 = Release|Any CPU
		{AC7E36AE-B964-4102-A462-F415F42D3CD9}.Release|iPhoneSimulator.Deploy.0 = Release|Any CPU
		{AC7E36AE-B964-4102-A462-F415F42D3CD9}.Release|x64.ActiveCfg = Release|Any CPU
		{AC7E36AE-B964-4102-A462-F415F42D3CD9}.Release|x64.Build.0 = Release|Any CPU
		{AC7E36AE-B964-4102-A462-F415F42D3CD9}.Release|x64.Deploy.0 = Release|Any CPU
		{AC7E36AE-B964-4102-A462-F415F42D3CD9}.Release|x86.ActiveCfg = Release|Any CPU
		{AC7E36AE-B964-4102-A462-F415F42D3CD9}.Release|x86.Build.0 = Release|Any CPU
		{AC7E36AE-B964-4102-A462-F415F42D3CD9}.Release|x86.Deploy.0 = Release|Any CPU
		{AD557D5A-1036-483B-9D74-D48976411ECC}.Ad-Hoc|Any CPU.ActiveCfg = Ad-Hoc|iPhone
		{AD557D5A-1036-483B-9D74-D48976411ECC}.Ad-Hoc|ARM.ActiveCfg = Ad-Hoc|iPhoneSimulator
		{AD557D5A-1036-483B-9D74-D48976411ECC}.Ad-Hoc|iPhone.ActiveCfg = Ad-Hoc|iPhone
		{AD557D5A-1036-483B-9D74-D48976411ECC}.Ad-Hoc|iPhone.Build.0 = Ad-Hoc|iPhone
		{AD557D5A-1036-483B-9D74-D48976411ECC}.Ad-Hoc|iPhoneSimulator.ActiveCfg = Ad-Hoc|iPhoneSimulator
		{AD557D5A-1036-483B-9D74-D48976411ECC}.Ad-Hoc|iPhoneSimulator.Build.0 = Ad-Hoc|iPhoneSimulator
		{AD557D5A-1036-483B-9D74-D48976411ECC}.Ad-Hoc|x64.ActiveCfg = Ad-Hoc|iPhoneSimulator
		{AD557D5A-1036-483B-9D74-D48976411ECC}.Ad-Hoc|x86.ActiveCfg = Ad-Hoc|iPhoneSimulator
		{AD557D5A-1036-483B-9D74-D48976411ECC}.AppStore|Any CPU.ActiveCfg = AppStore|iPhone
		{AD557D5A-1036-483B-9D74-D48976411ECC}.AppStore|ARM.ActiveCfg = AppStore|iPhoneSimulator
		{AD557D5A-1036-483B-9D74-D48976411ECC}.AppStore|iPhone.ActiveCfg = AppStore|iPhone
		{AD557D5A-1036-483B-9D74-D48976411ECC}.AppStore|iPhone.Build.0 = AppStore|iPhone
		{AD557D5A-1036-483B-9D74-D48976411ECC}.AppStore|iPhoneSimulator.ActiveCfg = AppStore|iPhoneSimulator
		{AD557D5A-1036-483B-9D74-D48976411ECC}.AppStore|iPhoneSimulator.Build.0 = AppStore|iPhoneSimulator
		{AD557D5A-1036-483B-9D74-D48976411ECC}.AppStore|x64.ActiveCfg = AppStore|iPhoneSimulator
		{AD557D5A-1036-483B-9D74-D48976411ECC}.AppStore|x86.ActiveCfg = AppStore|iPhoneSimulator
		{AD557D5A-1036-483B-9D74-D48976411ECC}.Debug|Any CPU.ActiveCfg = Debug|iPhone
		{AD557D5A-1036-483B-9D74-D48976411ECC}.Debug|ARM.ActiveCfg = Debug|iPhoneSimulator
		{AD557D5A-1036-483B-9D74-D48976411ECC}.Debug|iPhone.ActiveCfg = Debug|iPhone
		{AD557D5A-1036-483B-9D74-D48976411ECC}.Debug|iPhone.Build.0 = Debug|iPhone
		{AD557D5A-1036-483B-9D74-D48976411ECC}.Debug|iPhoneSimulator.ActiveCfg = Debug|iPhoneSimulator
		{AD557D5A-1036-483B-9D74-D48976411ECC}.Debug|iPhoneSimulator.Build.0 = Debug|iPhoneSimulator
		{AD557D5A-1036-483B-9D74-D48976411ECC}.Debug|x64.ActiveCfg = Debug|iPhoneSimulator
		{AD557D5A-1036-483B-9D74-D48976411ECC}.Debug|x86.ActiveCfg = Debug|iPhoneSimulator
		{AD557D5A-1036-483B-9D74-D48976411ECC}.Release|Any CPU.ActiveCfg = Release|iPhone
		{AD557D5A-1036-483B-9D74-D48976411ECC}.Release|ARM.ActiveCfg = Release|iPhoneSimulator
		{AD557D5A-1036-483B-9D74-D48976411ECC}.Release|iPhone.ActiveCfg = Release|iPhone
		{AD557D5A-1036-483B-9D74-D48976411ECC}.Release|iPhone.Build.0 = Release|iPhone
		{AD557D5A-1036-483B-9D74-D48976411ECC}.Release|iPhoneSimulator.ActiveCfg = Release|iPhoneSimulator
		{AD557D5A-1036-483B-9D74-D48976411ECC}.Release|iPhoneSimulator.Build.0 = Release|iPhoneSimulator
		{AD557D5A-1036-483B-9D74-D48976411ECC}.Release|x64.ActiveCfg = Release|iPhoneSimulator
		{AD557D5A-1036-483B-9D74-D48976411ECC}.Release|x86.ActiveCfg = Release|iPhoneSimulator
		{8669C551-4401-4AE1-863D-463E5AFB002B}.Ad-Hoc|Any CPU.ActiveCfg = Debug|Any CPU
		{8669C551-4401-4AE1-863D-463E5AFB002B}.Ad-Hoc|Any CPU.Build.0 = Debug|Any CPU
		{8669C551-4401-4AE1-863D-463E5AFB002B}.Ad-Hoc|ARM.ActiveCfg = Release|Any CPU
		{8669C551-4401-4AE1-863D-463E5AFB002B}.Ad-Hoc|ARM.Build.0 = Release|Any CPU
		{8669C551-4401-4AE1-863D-463E5AFB002B}.Ad-Hoc|iPhone.ActiveCfg = Debug|Any CPU
		{8669C551-4401-4AE1-863D-463E5AFB002B}.Ad-Hoc|iPhone.Build.0 = Debug|Any CPU
		{8669C551-4401-4AE1-863D-463E5AFB002B}.Ad-Hoc|iPhoneSimulator.ActiveCfg = Debug|Any CPU
		{8669C551-4401-4AE1-863D-463E5AFB002B}.Ad-Hoc|iPhoneSimulator.Build.0 = Debug|Any CPU
		{8669C551-4401-4AE1-863D-463E5AFB002B}.Ad-Hoc|x64.ActiveCfg = Release|Any CPU
		{8669C551-4401-4AE1-863D-463E5AFB002B}.Ad-Hoc|x64.Build.0 = Release|Any CPU
		{8669C551-4401-4AE1-863D-463E5AFB002B}.Ad-Hoc|x86.ActiveCfg = Release|Any CPU
		{8669C551-4401-4AE1-863D-463E5AFB002B}.Ad-Hoc|x86.Build.0 = Release|Any CPU
		{8669C551-4401-4AE1-863D-463E5AFB002B}.AppStore|Any CPU.ActiveCfg = Debug|Any CPU
		{8669C551-4401-4AE1-863D-463E5AFB002B}.AppStore|Any CPU.Build.0 = Debug|Any CPU
		{8669C551-4401-4AE1-863D-463E5AFB002B}.AppStore|ARM.ActiveCfg = Release|Any CPU
		{8669C551-4401-4AE1-863D-463E5AFB002B}.AppStore|ARM.Build.0 = Release|Any CPU
		{8669C551-4401-4AE1-863D-463E5AFB002B}.AppStore|iPhone.ActiveCfg = Debug|Any CPU
		{8669C551-4401-4AE1-863D-463E5AFB002B}.AppStore|iPhone.Build.0 = Debug|Any CPU
		{8669C551-4401-4AE1-863D-463E5AFB002B}.AppStore|iPhoneSimulator.ActiveCfg = Debug|Any CPU
		{8669C551-4401-4AE1-863D-463E5AFB002B}.AppStore|iPhoneSimulator.Build.0 = Debug|Any CPU
		{8669C551-4401-4AE1-863D-463E5AFB002B}.AppStore|x64.ActiveCfg = Release|Any CPU
		{8669C551-4401-4AE1-863D-463E5AFB002B}.AppStore|x64.Build.0 = Release|Any CPU
		{8669C551-4401-4AE1-863D-463E5AFB002B}.AppStore|x86.ActiveCfg = Release|Any CPU
		{8669C551-4401-4AE1-863D-463E5AFB002B}.AppStore|x86.Build.0 = Release|Any CPU
		{8669C551-4401-4AE1-863D-463E5AFB002B}.Debug|Any CPU.ActiveCfg = Debug|Any CPU
		{8669C551-4401-4AE1-863D-463E5AFB002B}.Debug|Any CPU.Build.0 = Debug|Any CPU
		{8669C551-4401-4AE1-863D-463E5AFB002B}.Debug|ARM.ActiveCfg = Debug|Any CPU
		{8669C551-4401-4AE1-863D-463E5AFB002B}.Debug|ARM.Build.0 = Debug|Any CPU
		{8669C551-4401-4AE1-863D-463E5AFB002B}.Debug|iPhone.ActiveCfg = Debug|Any CPU
		{8669C551-4401-4AE1-863D-463E5AFB002B}.Debug|iPhone.Build.0 = Debug|Any CPU
		{8669C551-4401-4AE1-863D-463E5AFB002B}.Debug|iPhoneSimulator.ActiveCfg = Debug|Any CPU
		{8669C551-4401-4AE1-863D-463E5AFB002B}.Debug|iPhoneSimulator.Build.0 = Debug|Any CPU
		{8669C551-4401-4AE1-863D-463E5AFB002B}.Debug|x64.ActiveCfg = Debug|Any CPU
		{8669C551-4401-4AE1-863D-463E5AFB002B}.Debug|x64.Build.0 = Debug|Any CPU
		{8669C551-4401-4AE1-863D-463E5AFB002B}.Debug|x86.ActiveCfg = Debug|Any CPU
		{8669C551-4401-4AE1-863D-463E5AFB002B}.Debug|x86.Build.0 = Debug|Any CPU
		{8669C551-4401-4AE1-863D-463E5AFB002B}.Release|Any CPU.ActiveCfg = Release|Any CPU
		{8669C551-4401-4AE1-863D-463E5AFB002B}.Release|Any CPU.Build.0 = Release|Any CPU
		{8669C551-4401-4AE1-863D-463E5AFB002B}.Release|ARM.ActiveCfg = Release|Any CPU
		{8669C551-4401-4AE1-863D-463E5AFB002B}.Release|ARM.Build.0 = Release|Any CPU
		{8669C551-4401-4AE1-863D-463E5AFB002B}.Release|iPhone.ActiveCfg = Release|Any CPU
		{8669C551-4401-4AE1-863D-463E5AFB002B}.Release|iPhone.Build.0 = Release|Any CPU
		{8669C551-4401-4AE1-863D-463E5AFB002B}.Release|iPhoneSimulator.ActiveCfg = Release|Any CPU
		{8669C551-4401-4AE1-863D-463E5AFB002B}.Release|iPhoneSimulator.Build.0 = Release|Any CPU
		{8669C551-4401-4AE1-863D-463E5AFB002B}.Release|x64.ActiveCfg = Release|Any CPU
		{8669C551-4401-4AE1-863D-463E5AFB002B}.Release|x64.Build.0 = Release|Any CPU
		{8669C551-4401-4AE1-863D-463E5AFB002B}.Release|x86.ActiveCfg = Release|Any CPU
		{8669C551-4401-4AE1-863D-463E5AFB002B}.Release|x86.Build.0 = Release|Any CPU
		{B1D17542-3B80-4606-B671-73F12C9A8648}.Ad-Hoc|Any CPU.ActiveCfg = Release|Any CPU
		{B1D17542-3B80-4606-B671-73F12C9A8648}.Ad-Hoc|Any CPU.Build.0 = Release|Any CPU
		{B1D17542-3B80-4606-B671-73F12C9A8648}.Ad-Hoc|ARM.ActiveCfg = Debug|Any CPU
		{B1D17542-3B80-4606-B671-73F12C9A8648}.Ad-Hoc|ARM.Build.0 = Debug|Any CPU
		{B1D17542-3B80-4606-B671-73F12C9A8648}.Ad-Hoc|iPhone.ActiveCfg = Release|Any CPU
		{B1D17542-3B80-4606-B671-73F12C9A8648}.Ad-Hoc|iPhone.Build.0 = Release|Any CPU
		{B1D17542-3B80-4606-B671-73F12C9A8648}.Ad-Hoc|iPhoneSimulator.ActiveCfg = Release|Any CPU
		{B1D17542-3B80-4606-B671-73F12C9A8648}.Ad-Hoc|iPhoneSimulator.Build.0 = Release|Any CPU
		{B1D17542-3B80-4606-B671-73F12C9A8648}.Ad-Hoc|x64.ActiveCfg = Debug|Any CPU
		{B1D17542-3B80-4606-B671-73F12C9A8648}.Ad-Hoc|x64.Build.0 = Debug|Any CPU
		{B1D17542-3B80-4606-B671-73F12C9A8648}.Ad-Hoc|x86.ActiveCfg = Debug|Any CPU
		{B1D17542-3B80-4606-B671-73F12C9A8648}.Ad-Hoc|x86.Build.0 = Debug|Any CPU
		{B1D17542-3B80-4606-B671-73F12C9A8648}.AppStore|Any CPU.ActiveCfg = Release|Any CPU
		{B1D17542-3B80-4606-B671-73F12C9A8648}.AppStore|Any CPU.Build.0 = Release|Any CPU
		{B1D17542-3B80-4606-B671-73F12C9A8648}.AppStore|ARM.ActiveCfg = Debug|Any CPU
		{B1D17542-3B80-4606-B671-73F12C9A8648}.AppStore|ARM.Build.0 = Debug|Any CPU
		{B1D17542-3B80-4606-B671-73F12C9A8648}.AppStore|iPhone.ActiveCfg = Release|Any CPU
		{B1D17542-3B80-4606-B671-73F12C9A8648}.AppStore|iPhone.Build.0 = Release|Any CPU
		{B1D17542-3B80-4606-B671-73F12C9A8648}.AppStore|iPhoneSimulator.ActiveCfg = Release|Any CPU
		{B1D17542-3B80-4606-B671-73F12C9A8648}.AppStore|iPhoneSimulator.Build.0 = Release|Any CPU
		{B1D17542-3B80-4606-B671-73F12C9A8648}.AppStore|x64.ActiveCfg = Debug|Any CPU
		{B1D17542-3B80-4606-B671-73F12C9A8648}.AppStore|x64.Build.0 = Debug|Any CPU
		{B1D17542-3B80-4606-B671-73F12C9A8648}.AppStore|x86.ActiveCfg = Debug|Any CPU
		{B1D17542-3B80-4606-B671-73F12C9A8648}.AppStore|x86.Build.0 = Debug|Any CPU
		{B1D17542-3B80-4606-B671-73F12C9A8648}.Debug|Any CPU.ActiveCfg = Debug|Any CPU
		{B1D17542-3B80-4606-B671-73F12C9A8648}.Debug|Any CPU.Build.0 = Debug|Any CPU
		{B1D17542-3B80-4606-B671-73F12C9A8648}.Debug|ARM.ActiveCfg = Debug|Any CPU
		{B1D17542-3B80-4606-B671-73F12C9A8648}.Debug|ARM.Build.0 = Debug|Any CPU
		{B1D17542-3B80-4606-B671-73F12C9A8648}.Debug|iPhone.ActiveCfg = Debug|Any CPU
		{B1D17542-3B80-4606-B671-73F12C9A8648}.Debug|iPhone.Build.0 = Debug|Any CPU
		{B1D17542-3B80-4606-B671-73F12C9A8648}.Debug|iPhoneSimulator.ActiveCfg = Debug|Any CPU
		{B1D17542-3B80-4606-B671-73F12C9A8648}.Debug|iPhoneSimulator.Build.0 = Debug|Any CPU
		{B1D17542-3B80-4606-B671-73F12C9A8648}.Debug|x64.ActiveCfg = Debug|Any CPU
		{B1D17542-3B80-4606-B671-73F12C9A8648}.Debug|x64.Build.0 = Debug|Any CPU
		{B1D17542-3B80-4606-B671-73F12C9A8648}.Debug|x86.ActiveCfg = Debug|Any CPU
		{B1D17542-3B80-4606-B671-73F12C9A8648}.Debug|x86.Build.0 = Debug|Any CPU
		{B1D17542-3B80-4606-B671-73F12C9A8648}.Release|Any CPU.ActiveCfg = Release|Any CPU
		{B1D17542-3B80-4606-B671-73F12C9A8648}.Release|Any CPU.Build.0 = Release|Any CPU
		{B1D17542-3B80-4606-B671-73F12C9A8648}.Release|ARM.ActiveCfg = Release|Any CPU
		{B1D17542-3B80-4606-B671-73F12C9A8648}.Release|ARM.Build.0 = Release|Any CPU
		{B1D17542-3B80-4606-B671-73F12C9A8648}.Release|iPhone.ActiveCfg = Release|Any CPU
		{B1D17542-3B80-4606-B671-73F12C9A8648}.Release|iPhone.Build.0 = Release|Any CPU
		{B1D17542-3B80-4606-B671-73F12C9A8648}.Release|iPhoneSimulator.ActiveCfg = Release|Any CPU
		{B1D17542-3B80-4606-B671-73F12C9A8648}.Release|iPhoneSimulator.Build.0 = Release|Any CPU
		{B1D17542-3B80-4606-B671-73F12C9A8648}.Release|x64.ActiveCfg = Release|Any CPU
		{B1D17542-3B80-4606-B671-73F12C9A8648}.Release|x64.Build.0 = Release|Any CPU
		{B1D17542-3B80-4606-B671-73F12C9A8648}.Release|x86.ActiveCfg = Release|Any CPU
		{B1D17542-3B80-4606-B671-73F12C9A8648}.Release|x86.Build.0 = Release|Any CPU
	EndGlobalSection
	GlobalSection(SolutionProperties) = preSolution
		HideSolutionNode = FALSE
	EndGlobalSection
	GlobalSection(ExtensibilityGlobals) = postSolution
		SolutionGuid = {207C6ECC-125F-4F06-950F-D00E76B5E9B5}
	EndGlobalSection
EndGlobal
